
Microsoft Visual Studio Solution File, Format Version 12.00
# Visual Studio Version 17
VisualStudioVersion = 17.5.33502.453
MinimumVisualStudioVersion = 10.0.40219.1
Project("{FAE04EC0-301F-11D3-BF4B-00C04F79EFBC}") = "EFApp", "EFApp\EFApp.csproj", "{0DAEA015-0259-4618-AB8E-ECA1B8FDDE11}"
EndProject
Global
	GlobalSection(SolutionConfigurationPlatforms) = preSolution
		Debug|Any CPU = Debug|Any CPU
		Release|Any CPU = Release|Any CPU
	EndGlobalSection
	GlobalSection(ProjectConfigurationPlatforms) = postSolution
		{0DAEA015-0259-4618-AB8E-ECA1B8FDDE11}.Debug|Any CPU.ActiveCfg = Debug|Any CPU
		{0DAEA015-0259-4618-AB8E-ECA1B8FDDE11}.Debug|Any CPU.Build.0 = Debug|Any CPU
		{0DAEA015-0259-4618-AB8E-ECA1B8FDDE11}.Release|Any CPU.ActiveCfg = Release|Any CPU
		{0DAEA015-0259-4618-AB8E-ECA1B8FDDE11}.Release|Any CPU.Build.0 = Release|Any CPU
	EndGlobalSection
	GlobalSection(SolutionProperties) = preSolution
		HideSolutionNode = FALSE
	EndGlobalSection
	GlobalSection(ExtensibilityGlobals) = postSolution
		SolutionGuid = {2660B453-7AEE-4BD9-976E-85E02652BC37}
	EndGlobalSection
EndGlobal
