
Microsoft Visual Studio Solution File, Format Version 12.00
# Visual Studio Version 17
VisualStudioVersion = 17.5.33502.453
MinimumVisualStudioVersion = 10.0.40219.1
Project("{FAE04EC0-301F-11D3-BF4B-00C04F79EFBC}") = "LeetcodeProblemApp", "LeetcodeProblemApp\LeetcodeProblemApp.csproj", "{DB78E362-6BE3-4B7A-8E26-07542F12898B}"
EndProject
Global
	GlobalSection(SolutionConfigurationPlatforms) = preSolution
		Debug|Any CPU = Debug|Any CPU
		Release|Any CPU = Release|Any CPU
	EndGlobalSection
	GlobalSection(ProjectConfigurationPlatforms) = postSolution
		{DB78E362-6BE3-4B7A-8E26-07542F12898B}.Debug|Any CPU.ActiveCfg = Debug|Any CPU
		{DB78E362-6BE3-4B7A-8E26-07542F12898B}.Debug|Any CPU.Build.0 = Debug|Any CPU
		{DB78E362-6BE3-4B7A-8E26-07542F12898B}.Release|Any CPU.ActiveCfg = Release|Any CPU
		{DB78E362-6BE3-4B7A-8E26-07542F12898B}.Release|Any CPU.Build.0 = Release|Any CPU
	EndGlobalSection
	GlobalSection(SolutionProperties) = preSolution
		HideSolutionNode = FALSE
	EndGlobalSection
	GlobalSection(ExtensibilityGlobals) = postSolution
		SolutionGuid = {BE54A8F4-7200-4A27-A70A-E423980757E5}
	EndGlobalSection
EndGlobal
