
Microsoft Visual Studio Solution File, Format Version 12.00
# Visual Studio Version 17
VisualStudioVersion = 17.5.33502.453
MinimumVisualStudioVersion = 10.0.40219.1
Project("{FAE04EC0-301F-11D3-BF4B-00C04F79EFBC}") = "DoctorClinicApp", "DoctorClinicApp\DoctorClinicApp.csproj", "{5CAF1A7B-C5E5-451F-99D3-0DE5C23F781C}"
EndProject
Global
	GlobalSection(SolutionConfigurationPlatforms) = preSolution
		Debug|Any CPU = Debug|Any CPU
		Release|Any CPU = Release|Any CPU
	EndGlobalSection
	GlobalSection(ProjectConfigurationPlatforms) = postSolution
		{5CAF1A7B-C5E5-451F-99D3-0DE5C23F781C}.Debug|Any CPU.ActiveCfg = Debug|Any CPU
		{5CAF1A7B-C5E5-451F-99D3-0DE5C23F781C}.Debug|Any CPU.Build.0 = Debug|Any CPU
		{5CAF1A7B-C5E5-451F-99D3-0DE5C23F781C}.Release|Any CPU.ActiveCfg = Release|Any CPU
		{5CAF1A7B-C5E5-451F-99D3-0DE5C23F781C}.Release|Any CPU.Build.0 = Release|Any CPU
	EndGlobalSection
	GlobalSection(SolutionProperties) = preSolution
		HideSolutionNode = FALSE
	EndGlobalSection
	GlobalSection(ExtensibilityGlobals) = postSolution
		SolutionGuid = {C2CE2009-77A8-4E64-BE75-0AD65A3201D9}
	EndGlobalSection
EndGlobal
