
Microsoft Visual Studio Solution File, Format Version 12.00
# Visual Studio Version 17
VisualStudioVersion = 17.5.33502.453
MinimumVisualStudioVersion = 10.0.40219.1
Project("{FAE04EC0-301F-11D3-BF4B-00C04F79EFBC}") = "CowBullModelLibrary", "CowBullModelLibrary\CowBullModelLibrary.csproj", "{BC62EE33-F24A-449D-9D79-1D618510E959}"
EndProject
Project("{FAE04EC0-301F-11D3-BF4B-00C04F79EFBC}") = "CowBullDALLibrary", "CowBullDALLibrary\CowBullDALLibrary.csproj", "{0ABD035C-9D1F-48C8-9267-2448147EC335}"
EndProject
Project("{FAE04EC0-301F-11D3-BF4B-00C04F79EFBC}") = "CowBullBLLibrary", "CowBullBLLibrary\CowBullBLLibrary.csproj", "{9096794E-6681-416B-B7A5-9DE7440C0F43}"
EndProject
Project("{FAE04EC0-301F-11D3-BF4B-00C04F79EFBC}") = "CowBullFEApp", "CowBullFEApp\CowBullFEApp.csproj", "{5BF8DDC5-6D34-40ED-903D-4E19DD7709B8}"
EndProject
Global
	GlobalSection(SolutionConfigurationPlatforms) = preSolution
		Debug|Any CPU = Debug|Any CPU
		Release|Any CPU = Release|Any CPU
	EndGlobalSection
	GlobalSection(ProjectConfigurationPlatforms) = postSolution
		{BC62EE33-F24A-449D-9D79-1D618510E959}.Debug|Any CPU.ActiveCfg = Debug|Any CPU
		{BC62EE33-F24A-449D-9D79-1D618510E959}.Debug|Any CPU.Build.0 = Debug|Any CPU
		{BC62EE33-F24A-449D-9D79-1D618510E959}.Release|Any CPU.ActiveCfg = Release|Any CPU
		{BC62EE33-F24A-449D-9D79-1D618510E959}.Release|Any CPU.Build.0 = Release|Any CPU
		{0ABD035C-9D1F-48C8-9267-2448147EC335}.Debug|Any CPU.ActiveCfg = Debug|Any CPU
		{0ABD035C-9D1F-48C8-9267-2448147EC335}.Debug|Any CPU.Build.0 = Debug|Any CPU
		{0ABD035C-9D1F-48C8-9267-2448147EC335}.Release|Any CPU.ActiveCfg = Release|Any CPU
		{0ABD035C-9D1F-48C8-9267-2448147EC335}.Release|Any CPU.Build.0 = Release|Any CPU
		{9096794E-6681-416B-B7A5-9DE7440C0F43}.Debug|Any CPU.ActiveCfg = Debug|Any CPU
		{9096794E-6681-416B-B7A5-9DE7440C0F43}.Debug|Any CPU.Build.0 = Debug|Any CPU
		{9096794E-6681-416B-B7A5-9DE7440C0F43}.Release|Any CPU.ActiveCfg = Release|Any CPU
		{9096794E-6681-416B-B7A5-9DE7440C0F43}.Release|Any CPU.Build.0 = Release|Any CPU
		{5BF8DDC5-6D34-40ED-903D-4E19DD7709B8}.Debug|Any CPU.ActiveCfg = Debug|Any CPU
		{5BF8DDC5-6D34-40ED-903D-4E19DD7709B8}.Debug|Any CPU.Build.0 = Debug|Any CPU
		{5BF8DDC5-6D34-40ED-903D-4E19DD7709B8}.Release|Any CPU.ActiveCfg = Release|Any CPU
		{5BF8DDC5-6D34-40ED-903D-4E19DD7709B8}.Release|Any CPU.Build.0 = Release|Any CPU
	EndGlobalSection
	GlobalSection(SolutionProperties) = preSolution
		HideSolutionNode = FALSE
	EndGlobalSection
	GlobalSection(ExtensibilityGlobals) = postSolution
		SolutionGuid = {3CD1B571-0DFF-4FF7-9C04-1854F38027C8}
	EndGlobalSection
EndGlobal
