
Microsoft Visual Studio Solution File, Format Version 12.00
# Visual Studio Version 17
VisualStudioVersion = 17.5.33502.453
MinimumVisualStudioVersion = 10.0.40219.1
Project("{FAE04EC0-301F-11D3-BF4B-00C04F79EFBC}") = "ExerciseApp1", "ExerciseApp1\ExerciseApp1.csproj", "{176DF04F-71DE-4967-AF40-3040106E32DB}"
EndProject
Project("{FAE04EC0-301F-11D3-BF4B-00C04F79EFBC}") = "ExerciseApp2", "Exercise2App\ExerciseApp2.csproj", "{2E3AB9DC-50DE-4B52-9D3C-65A1215AF30B}"
EndProject
Project("{FAE04EC0-301F-11D3-BF4B-00C04F79EFBC}") = "ExerciseApp3", "ExerciseApp3\ExerciseApp3.csproj", "{AFF992D2-A6A9-49CE-BF6D-2F07C72B16E2}"
EndProject
Project("{FAE04EC0-301F-11D3-BF4B-00C04F79EFBC}") = "ExerciseApp4", "ExerciseApp4\ExerciseApp4.csproj", "{1B6E100A-6F2C-4DBA-9826-30FFD1EEDA24}"
EndProject
Project("{FAE04EC0-301F-11D3-BF4B-00C04F79EFBC}") = "ExerciseApp5", "ExerciseApp5\ExerciseApp5.csproj", "{A3463EA1-A6D9-44DD-8883-9DC3C35B5E78}"
EndProject
Global
	GlobalSection(SolutionConfigurationPlatforms) = preSolution
		Debug|Any CPU = Debug|Any CPU
		Release|Any CPU = Release|Any CPU
	EndGlobalSection
	GlobalSection(ProjectConfigurationPlatforms) = postSolution
		{176DF04F-71DE-4967-AF40-3040106E32DB}.Debug|Any CPU.ActiveCfg = Debug|Any CPU
		{176DF04F-71DE-4967-AF40-3040106E32DB}.Debug|Any CPU.Build.0 = Debug|Any CPU
		{176DF04F-71DE-4967-AF40-3040106E32DB}.Release|Any CPU.ActiveCfg = Release|Any CPU
		{176DF04F-71DE-4967-AF40-3040106E32DB}.Release|Any CPU.Build.0 = Release|Any CPU
		{2E3AB9DC-50DE-4B52-9D3C-65A1215AF30B}.Debug|Any CPU.ActiveCfg = Debug|Any CPU
		{2E3AB9DC-50DE-4B52-9D3C-65A1215AF30B}.Debug|Any CPU.Build.0 = Debug|Any CPU
		{2E3AB9DC-50DE-4B52-9D3C-65A1215AF30B}.Release|Any CPU.ActiveCfg = Release|Any CPU
		{2E3AB9DC-50DE-4B52-9D3C-65A1215AF30B}.Release|Any CPU.Build.0 = Release|Any CPU
		{AFF992D2-A6A9-49CE-BF6D-2F07C72B16E2}.Debug|Any CPU.ActiveCfg = Debug|Any CPU
		{AFF992D2-A6A9-49CE-BF6D-2F07C72B16E2}.Debug|Any CPU.Build.0 = Debug|Any CPU
		{AFF992D2-A6A9-49CE-BF6D-2F07C72B16E2}.Release|Any CPU.ActiveCfg = Release|Any CPU
		{AFF992D2-A6A9-49CE-BF6D-2F07C72B16E2}.Release|Any CPU.Build.0 = Release|Any CPU
		{1B6E100A-6F2C-4DBA-9826-30FFD1EEDA24}.Debug|Any CPU.ActiveCfg = Debug|Any CPU
		{1B6E100A-6F2C-4DBA-9826-30FFD1EEDA24}.Debug|Any CPU.Build.0 = Debug|Any CPU
		{1B6E100A-6F2C-4DBA-9826-30FFD1EEDA24}.Release|Any CPU.ActiveCfg = Release|Any CPU
		{1B6E100A-6F2C-4DBA-9826-30FFD1EEDA24}.Release|Any CPU.Build.0 = Release|Any CPU
		{A3463EA1-A6D9-44DD-8883-9DC3C35B5E78}.Debug|Any CPU.ActiveCfg = Debug|Any CPU
		{A3463EA1-A6D9-44DD-8883-9DC3C35B5E78}.Debug|Any CPU.Build.0 = Debug|Any CPU
		{A3463EA1-A6D9-44DD-8883-9DC3C35B5E78}.Release|Any CPU.ActiveCfg = Release|Any CPU
		{A3463EA1-A6D9-44DD-8883-9DC3C35B5E78}.Release|Any CPU.Build.0 = Release|Any CPU
	EndGlobalSection
	GlobalSection(SolutionProperties) = preSolution
		HideSolutionNode = FALSE
	EndGlobalSection
	GlobalSection(ExtensibilityGlobals) = postSolution
		SolutionGuid = {CEA02DB0-8CE5-4976-A178-39B4B4781B61}
	EndGlobalSection
EndGlobal
